
Microsoft Visual Studio Solution File, Format Version 12.00
Project("{FAE04EC0-301F-11D3-BF4B-00C04F79EFBC}") = "DentistManagerApi", "DentistManagerApi.csproj", "{638C5C6F-F5C4-4E6D-A680-A89D35BF7F43}"
EndProject
Global
	GlobalSection(SolutionConfigurationPlatforms) = preSolution
		Debug|Any CPU = Debug|Any CPU
		Release|Any CPU = Release|Any CPU
	EndGlobalSection
	GlobalSection(ProjectConfigurationPlatforms) = postSolution
		{638C5C6F-F5C4-4E6D-A680-A89D35BF7F43}.Debug|Any CPU.ActiveCfg = Debug|Any CPU
		{638C5C6F-F5C4-4E6D-A680-A89D35BF7F43}.Debug|Any CPU.Build.0 = Debug|Any CPU
		{638C5C6F-F5C4-4E6D-A680-A89D35BF7F43}.Release|Any CPU.ActiveCfg = Release|Any CPU
		{638C5C6F-F5C4-4E6D-A680-A89D35BF7F43}.Release|Any CPU.Build.0 = Release|Any CPU
	EndGlobalSection
EndGlobal
